{
  "nodes": {
    "clean-devshell": {
      "locked": {
        "lastModified": 1681924133,
        "narHash": "sha256-XZNHuzb1/nP3Tu/BjS4K01wHq/5NL9Ot1ErJtWyir8o=",
        "owner": "ZentriaMC",
        "repo": "clean-devshell",
        "rev": "ca9449a77eb1898e66230e2bbec1512bb577d701",
        "type": "github"
      },
      "original": {
        "owner": "ZentriaMC",
        "repo": "clean-devshell",
        "type": "github"
      }
    },
    "dart": {
      "inputs": {
        "flake-utils": "flake-utils",
        "nixpkgs": [
          "nixpkgs"
        ]
      },
      "locked": {
        "lastModified": 1735042988,
        "narHash": "sha256-oMdI8kVM6d/0VT5Dl7Fp4oh7tDVr7aUpwy4hib1noWk=",
        "owner": "roman-vanesyan",
        "repo": "dart-overlay",
        "rev": "f2c11c3e3522df19f370eff56529939c322aa54a",
        "type": "github"
      },
      "original": {
        "owner": "roman-vanesyan",
        "repo": "dart-overlay",
        "type": "github"
      }
    },
    "flake-utils": {
      "inputs": {
        "systems": "systems"
      },
      "locked": {
        "lastModified": 1726560853,
        "narHash": "sha256-X6rJYSESBVr3hBoH0WbKE5KvhPU5bloyZ2L4K60/fPQ=",
        "owner": "numtide",
        "repo": "flake-utils",
        "rev": "c1dfcf08411b08f6b8615f7d8971a2bfa81d5e8a",
        "type": "github"
      },
      "original": {
        "owner": "numtide",
        "repo": "flake-utils",
        "type": "github"
      }
    },
    "flake-utils_2": {
      "inputs": {
        "systems": "systems_2"
      },
      "locked": {
        "lastModified": 1731533236,
        "narHash": "sha256-l0KFg5HjrsfsO/JpG+r7fRrqm12kzFHyUHqHCVpMMbI=",
        "owner": "numtide",
        "repo": "flake-utils",
        "rev": "11707dc2f618dd54ca8739b309ec4fc024de578b",
        "type": "github"
      },
      "original": {
        "owner": "numtide",
        "repo": "flake-utils",
        "type": "github"
      }
    },
    "ghc-wasm-meta": {
      "inputs": {
        "flake-utils": [
          "flake-utils"
        ],
        "nixpkgs": [
          "nixpkgs"
        ]
      },
      "locked": {
        "host": "gitlab.haskell.org",
        "lastModified": 1736814899,
        "narHash": "sha256-5ecjTrtyFRjFSSt39aUUfvBAiLmmR0f3IuhhMcI4kXE=",
        "owner": "haskell-wasm",
        "repo": "ghc-wasm-meta",
        "rev": "a9102d59d00bc87550dda902c8084a74f9742c00",
        "type": "gitlab"
      },
      "original": {
        "host": "gitlab.haskell.org",
        "owner": "haskell-wasm",
        "repo": "ghc-wasm-meta",
        "type": "gitlab"
      }
    },
    "nixpkgs": {
      "locked": {
        "lastModified": 1736755442,
        "narHash": "sha256-a3MMEY7i/wdF0gb7WFNTn6onzaiMOvwj7OerRVenA8o=",
        "owner": "nixos",
        "repo": "nixpkgs",
        "rev": "ef56e777fedaa4da8c66a150081523c5de1e0171",
        "type": "github"
      },
      "original": {
        "owner": "nixos",
        "ref": "nixpkgs-unstable",
        "repo": "nixpkgs",
        "type": "github"
      }
    },
    "root": {
      "inputs": {
        "clean-devshell": "clean-devshell",
        "dart": "dart",
        "flake-utils": "flake-utils_2",
        "ghc-wasm-meta": "ghc-wasm-meta",
        "nixpkgs": "nixpkgs"
      }
    },
    "systems": {
      "locked": {
        "lastModified": 1681028828,
        "narHash": "sha256-Vy1rq5AaRuLzOxct8nz4T6wlgyUR7zLU309k9mBC768=",
        "owner": "nix-systems",
        "repo": "default",
        "rev": "da67096a3b9bf56a91d16901293e51ba5b49a27e",
        "type": "github"
      },
      "original": {
        "owner": "nix-systems",
        "repo": "default",
        "type": "github"
      }
    },
    "systems_2": {
      "locked": {
        "lastModified": 1681028828,
        "narHash": "sha256-Vy1rq5AaRuLzOxct8nz4T6wlgyUR7zLU309k9mBC768=",
        "owner": "nix-systems",
        "repo": "default",
        "rev": "da67096a3b9bf56a91d16901293e51ba5b49a27e",
        "type": "github"
      },
      "original": {
        "owner": "nix-systems",
        "repo": "default",
        "type": "github"
      }
    }
  },
  "root": "root",
  "version": 7
}
