# This file was autogenerated by Stack.
# You should not edit this file by hand.
# For more information, please see the documentation at:
#   https://docs.haskellstack.org/en/stable/lock_files

packages:
- completed:
    hackage: flatparse-0.5.0.1@sha256:e6a435a73bedd56fc61d1c4e1b1ef4bcbe07638ef79cd17b9063db6b28a0b714,4537
    pantry-tree:
      sha256: fb9d8496fe741b48f05e45ba6308967b56e619670b139d5b54c77b4f8c162bdb
      size: 2341
  original:
    hackage: flatparse-0.5.0.1
snapshots:
- completed:
    sha256: c4381351ba5837a6356fcc0ebeb7a61fdcaf3a085c903a6f730f56b131d5cb58
    size: 639143
    url: https://raw.githubusercontent.com/commercialhaskell/stackage-snapshots/master/lts/21/1.yaml
  original: lts-21.1
